// !$*UTF8*$!
{
	archiveVersion = 1;
	classes = {
	};
	objectVersion = 52;
	objects = {

/* Begin PBXBuildFile section */
		A333177024E93CDD006D67A0 /* UIImage+Placeholder.swift in Sources */ = {isa = PBXBuildFile; fileRef = A333176F24E93CDD006D67A0 /* UIImage+Placeholder.swift */; };
		A333177324E9404A006D67A0 /* ImageFetcher in Frameworks */ = {isa = PBXBuildFile; productRef = A333177224E9404A006D67A0 /* ImageFetcher */; };
		A333177524E940DB006D67A0 /* FakeImageFetcher.swift in Sources */ = {isa = PBXBuildFile; fileRef = A333177424E940DB006D67A0 /* FakeImageFetcher.swift */; };
		A333177824E94182006D67A0 /* Storage in Frameworks */ = {isa = PBXBuildFile; productRef = A333177724E94182006D67A0 /* Storage */; };
		A335EE8424DACEB200D9B948 /* AppDelegate.swift in Sources */ = {isa = PBXBuildFile; fileRef = A335EE8324DACEB200D9B948 /* AppDelegate.swift */; };
		A335EE8D24DACEB500D9B948 /* Assets.xcassets in Resources */ = {isa = PBXBuildFile; fileRef = A335EE8C24DACEB500D9B948 /* Assets.xcassets */; };
		A335EE9024DACEB500D9B948 /* LaunchScreen.storyboard in Resources */ = {isa = PBXBuildFile; fileRef = A335EE8E24DACEB500D9B948 /* LaunchScreen.storyboard */; };
		A335EEA624DAD06900D9B948 /* main.swift in Sources */ = {isa = PBXBuildFile; fileRef = A335EEA524DAD06900D9B948 /* main.swift */; };
		A335EEA824DAD0A000D9B948 /* FakeAppDelegate.swift in Sources */ = {isa = PBXBuildFile; fileRef = A335EEA724DAD0A000D9B948 /* FakeAppDelegate.swift */; };
		A335EEB524DBE56400D9B948 /* CitiesView.swift in Sources */ = {isa = PBXBuildFile; fileRef = A335EEB424DBE56400D9B948 /* CitiesView.swift */; };
		A335EEB724DBE74700D9B948 /* CitiesPresenter.swift in Sources */ = {isa = PBXBuildFile; fileRef = A335EEB624DBE74700D9B948 /* CitiesPresenter.swift */; };
		A335EEB924DBE83700D9B948 /* CitiesInteractor.swift in Sources */ = {isa = PBXBuildFile; fileRef = A335EEB824DBE83700D9B948 /* CitiesInteractor.swift */; };
		A335EEBB24DC026F00D9B948 /* CitiesWireframe.swift in Sources */ = {isa = PBXBuildFile; fileRef = A335EEBA24DC026F00D9B948 /* CitiesWireframe.swift */; };
		A335EEBE24DC033500D9B948 /* RootWireframe.swift in Sources */ = {isa = PBXBuildFile; fileRef = A335EEBD24DC033500D9B948 /* RootWireframe.swift */; };
		A335EEC124DC0F4300D9B948 /* City.swift in Sources */ = {isa = PBXBuildFile; fileRef = A335EEC024DC0F4300D9B948 /* City.swift */; };
		A335EEC424DC121A00D9B948 /* URL+ExpressibleByStringLiteral.swift in Sources */ = {isa = PBXBuildFile; fileRef = A335EEC324DC121A00D9B948 /* URL+ExpressibleByStringLiteral.swift */; };
		A335EEC924DCBE1F00D9B948 /* CitiesPresenterTests.swift in Sources */ = {isa = PBXBuildFile; fileRef = A335EEC824DCBE1F00D9B948 /* CitiesPresenterTests.swift */; };
		A335EECC24DCBEC300D9B948 /* CitiesViewSpy.swift in Sources */ = {isa = PBXBuildFile; fileRef = A335EECB24DCBEC300D9B948 /* CitiesViewSpy.swift */; };
		A335EED024DCC06400D9B948 /* CitiesInteractorSpy.swift in Sources */ = {isa = PBXBuildFile; fileRef = A335EECF24DCC06300D9B948 /* CitiesInteractorSpy.swift */; };
		A335EED224DCC13500D9B948 /* CitiesWireframeSpy.swift in Sources */ = {isa = PBXBuildFile; fileRef = A335EED124DCC13500D9B948 /* CitiesWireframeSpy.swift */; };
		A349E08824E4590E00F69499 /* OrderedSet.swift in Sources */ = {isa = PBXBuildFile; fileRef = A349E08724E4590E00F69499 /* OrderedSet.swift */; };
		A349E08C24E487F000F69499 /* CityRenderable.swift in Sources */ = {isa = PBXBuildFile; fileRef = A349E08B24E487F000F69499 /* CityRenderable.swift */; };
		A349E08E24E48BD600F69499 /* String+ImageConversion.swift in Sources */ = {isa = PBXBuildFile; fileRef = A349E08D24E48BD600F69499 /* String+ImageConversion.swift */; };
		A37AA35124E157740028D46A /* CitiesInteractorTests.swift in Sources */ = {isa = PBXBuildFile; fileRef = A37AA35024E157740028D46A /* CitiesInteractorTests.swift */; };
		A37AA35324E158850028D46A /* CitiesPresenterSpy.swift in Sources */ = {isa = PBXBuildFile; fileRef = A37AA35224E158850028D46A /* CitiesPresenterSpy.swift */; };
		A37AA35524E15B860028D46A /* FakeCitiesRepository.swift in Sources */ = {isa = PBXBuildFile; fileRef = A37AA35424E15B860028D46A /* FakeCitiesRepository.swift */; };
		A387384024E6B64D002A1CF0 /* CityRanksAPIClient in Frameworks */ = {isa = PBXBuildFile; productRef = A387383F24E6B64D002A1CF0 /* CityRanksAPIClient */; };
		A387384224E6C03A002A1CF0 /* OrderedSet+Update.swift in Sources */ = {isa = PBXBuildFile; fileRef = A387384124E6C03A002A1CF0 /* OrderedSet+Update.swift */; };
/* End PBXBuildFile section */

/* Begin PBXContainerItemProxy section */
		A335EE9724DACEB500D9B948 /* PBXContainerItemProxy */ = {
			isa = PBXContainerItemProxy;
			containerPortal = A335EE7824DACEB200D9B948 /* Project object */;
			proxyType = 1;
			remoteGlobalIDString = A335EE7F24DACEB200D9B948;
			remoteInfo = CityRanks;
		};
/* End PBXContainerItemProxy section */

/* Begin PBXFileReference section */
		A333176F24E93CDD006D67A0 /* UIImage+Placeholder.swift */ = {isa = PBXFileReference; lastKnownFileType = sourcecode.swift; path = "UIImage+Placeholder.swift"; sourceTree = "<group>"; };
		A333177124E94041006D67A0 /* ImageFetcher */ = {isa = PBXFileReference; lastKnownFileType = folder; path = ImageFetcher; sourceTree = "<group>"; };
		A333177424E940DB006D67A0 /* FakeImageFetcher.swift */ = {isa = PBXFileReference; fileEncoding = 4; lastKnownFileType = sourcecode.swift; path = FakeImageFetcher.swift; sourceTree = "<group>"; };
		A333177624E94173006D67A0 /* Storage */ = {isa = PBXFileReference; lastKnownFileType = folder; path = Storage; sourceTree = "<group>"; };
		A335EE8024DACEB200D9B948 /* CityRanks.app */ = {isa = PBXFileReference; explicitFileType = wrapper.application; includeInIndex = 0; path = CityRanks.app; sourceTree = BUILT_PRODUCTS_DIR; };
		A335EE8324DACEB200D9B948 /* AppDelegate.swift */ = {isa = PBXFileReference; lastKnownFileType = sourcecode.swift; path = AppDelegate.swift; sourceTree = "<group>"; };
		A335EE8C24DACEB500D9B948 /* Assets.xcassets */ = {isa = PBXFileReference; lastKnownFileType = folder.assetcatalog; path = Assets.xcassets; sourceTree = "<group>"; };
		A335EE8F24DACEB500D9B948 /* Base */ = {isa = PBXFileReference; lastKnownFileType = file.storyboard; name = Base; path = Base.lproj/LaunchScreen.storyboard; sourceTree = "<group>"; };
		A335EE9124DACEB500D9B948 /* Info.plist */ = {isa = PBXFileReference; lastKnownFileType = text.plist.xml; path = Info.plist; sourceTree = "<group>"; };
		A335EE9624DACEB500D9B948 /* CityRanksTests.xctest */ = {isa = PBXFileReference; explicitFileType = wrapper.cfbundle; includeInIndex = 0; path = CityRanksTests.xctest; sourceTree = BUILT_PRODUCTS_DIR; };
		A335EE9C24DACEB500D9B948 /* Info.plist */ = {isa = PBXFileReference; lastKnownFileType = text.plist.xml; path = Info.plist; sourceTree = "<group>"; };
		A335EEA524DAD06900D9B948 /* main.swift */ = {isa = PBXFileReference; lastKnownFileType = sourcecode.swift; path = main.swift; sourceTree = "<group>"; };
		A335EEA724DAD0A000D9B948 /* FakeAppDelegate.swift */ = {isa = PBXFileReference; lastKnownFileType = sourcecode.swift; path = FakeAppDelegate.swift; sourceTree = "<group>"; };
		A335EEB424DBE56400D9B948 /* CitiesView.swift */ = {isa = PBXFileReference; lastKnownFileType = sourcecode.swift; path = CitiesView.swift; sourceTree = "<group>"; };
		A335EEB624DBE74700D9B948 /* CitiesPresenter.swift */ = {isa = PBXFileReference; lastKnownFileType = sourcecode.swift; path = CitiesPresenter.swift; sourceTree = "<group>"; };
		A335EEB824DBE83700D9B948 /* CitiesInteractor.swift */ = {isa = PBXFileReference; lastKnownFileType = sourcecode.swift; path = CitiesInteractor.swift; sourceTree = "<group>"; };
		A335EEBA24DC026F00D9B948 /* CitiesWireframe.swift */ = {isa = PBXFileReference; lastKnownFileType = sourcecode.swift; path = CitiesWireframe.swift; sourceTree = "<group>"; };
		A335EEBD24DC033500D9B948 /* RootWireframe.swift */ = {isa = PBXFileReference; lastKnownFileType = sourcecode.swift; path = RootWireframe.swift; sourceTree = "<group>"; };
		A335EEC024DC0F4300D9B948 /* City.swift */ = {isa = PBXFileReference; lastKnownFileType = sourcecode.swift; path = City.swift; sourceTree = "<group>"; };
		A335EEC324DC121A00D9B948 /* URL+ExpressibleByStringLiteral.swift */ = {isa = PBXFileReference; lastKnownFileType = sourcecode.swift; path = "URL+ExpressibleByStringLiteral.swift"; sourceTree = "<group>"; };
		A335EEC824DCBE1F00D9B948 /* CitiesPresenterTests.swift */ = {isa = PBXFileReference; lastKnownFileType = sourcecode.swift; path = CitiesPresenterTests.swift; sourceTree = "<group>"; };
		A335EECB24DCBEC300D9B948 /* CitiesViewSpy.swift */ = {isa = PBXFileReference; lastKnownFileType = sourcecode.swift; path = CitiesViewSpy.swift; sourceTree = "<group>"; };
		A335EECF24DCC06300D9B948 /* CitiesInteractorSpy.swift */ = {isa = PBXFileReference; lastKnownFileType = sourcecode.swift; path = CitiesInteractorSpy.swift; sourceTree = "<group>"; };
		A335EED124DCC13500D9B948 /* CitiesWireframeSpy.swift */ = {isa = PBXFileReference; lastKnownFileType = sourcecode.swift; path = CitiesWireframeSpy.swift; sourceTree = "<group>"; };
		A349E08724E4590E00F69499 /* OrderedSet.swift */ = {isa = PBXFileReference; lastKnownFileType = sourcecode.swift; path = OrderedSet.swift; sourceTree = "<group>"; };
		A349E08B24E487F000F69499 /* CityRenderable.swift */ = {isa = PBXFileReference; lastKnownFileType = sourcecode.swift; path = CityRenderable.swift; sourceTree = "<group>"; };
		A349E08D24E48BD600F69499 /* String+ImageConversion.swift */ = {isa = PBXFileReference; lastKnownFileType = sourcecode.swift; path = "String+ImageConversion.swift"; sourceTree = "<group>"; };
		A37AA35024E157740028D46A /* CitiesInteractorTests.swift */ = {isa = PBXFileReference; lastKnownFileType = sourcecode.swift; path = CitiesInteractorTests.swift; sourceTree = "<group>"; };
		A37AA35224E158850028D46A /* CitiesPresenterSpy.swift */ = {isa = PBXFileReference; lastKnownFileType = sourcecode.swift; path = CitiesPresenterSpy.swift; sourceTree = "<group>"; };
		A37AA35424E15B860028D46A /* FakeCitiesRepository.swift */ = {isa = PBXFileReference; lastKnownFileType = sourcecode.swift; path = FakeCitiesRepository.swift; sourceTree = "<group>"; };
		A387383D24E6B608002A1CF0 /* CityRanksAPI */ = {isa = PBXFileReference; lastKnownFileType = folder; path = CityRanksAPI; sourceTree = "<group>"; };
		A387384124E6C03A002A1CF0 /* OrderedSet+Update.swift */ = {isa = PBXFileReference; lastKnownFileType = sourcecode.swift; path = "OrderedSet+Update.swift"; sourceTree = "<group>"; };
/* End PBXFileReference section */

/* Begin PBXFrameworksBuildPhase section */
		A335EE7D24DACEB200D9B948 /* Frameworks */ = {
			isa = PBXFrameworksBuildPhase;
			buildActionMask = 2147483647;
			files = (
				A333177824E94182006D67A0 /* Storage in Frameworks */,
				A333177324E9404A006D67A0 /* ImageFetcher in Frameworks */,
				A387384024E6B64D002A1CF0 /* CityRanksAPIClient in Frameworks */,
			);
			runOnlyForDeploymentPostprocessing = 0;
		};
		A335EE9324DACEB500D9B948 /* Frameworks */ = {
			isa = PBXFrameworksBuildPhase;
			buildActionMask = 2147483647;
			files = (
			);
			runOnlyForDeploymentPostprocessing = 0;
		};
/* End PBXFrameworksBuildPhase section */

/* Begin PBXGroup section */
		A333177924E94443006D67A0 /* Fake */ = {
			isa = PBXGroup;
			children = (
				A335EEA724DAD0A000D9B948 /* FakeAppDelegate.swift */,
				A37AA35424E15B860028D46A /* FakeCitiesRepository.swift */,
				A333177424E940DB006D67A0 /* FakeImageFetcher.swift */,
			);
			path = Fake;
			sourceTree = "<group>";
		};
		A335EE7724DACEB200D9B948 = {
			isa = PBXGroup;
			children = (
				A335EE8224DACEB200D9B948 /* CityRanks */,
				A335EE9924DACEB500D9B948 /* CityRanksTests */,
				A335EE8124DACEB200D9B948 /* Products */,
				A387383E24E6B64D002A1CF0 /* Frameworks */,
			);
			sourceTree = "<group>";
		};
		A335EE8124DACEB200D9B948 /* Products */ = {
			isa = PBXGroup;
			children = (
				A335EE8024DACEB200D9B948 /* CityRanks.app */,
				A335EE9624DACEB500D9B948 /* CityRanksTests.xctest */,
			);
			name = Products;
			sourceTree = "<group>";
		};
		A335EE8224DACEB200D9B948 /* CityRanks */ = {
			isa = PBXGroup;
			children = (
				A335EEAE24DBE4EE00D9B948 /* Modules */,
				A335EEAA24DB2E4000D9B948 /* Config */,
				A335EEAC24DB2E6500D9B948 /* Resources */,
				A335EEA924DB2E2E00D9B948 /* Shared */,
			);
			path = CityRanks;
			sourceTree = "<group>";
		};
		A335EE9924DACEB500D9B948 /* CityRanksTests */ = {
			isa = PBXGroup;
			children = (
				A335EEC524DCBDA100D9B948 /* Modules */,
				A335EE9C24DACEB500D9B948 /* Info.plist */,
			);
			path = CityRanksTests;
			sourceTree = "<group>";
		};
		A335EEA924DB2E2E00D9B948 /* Shared */ = {
			isa = PBXGroup;
			children = (
				A387383D24E6B608002A1CF0 /* CityRanksAPI */,
				A333177624E94173006D67A0 /* Storage */,
				A333177124E94041006D67A0 /* ImageFetcher */,
				A333177924E94443006D67A0 /* Fake */,
				A349E08624E458FD00F69499 /* Collections */,
				A335EEC224DC11F700D9B948 /* Extensions */,
				A335EEBF24DC0F3700D9B948 /* Model */,
				A335EEBC24DC032300D9B948 /* Wireframe */,
				A335EE8324DACEB200D9B948 /* AppDelegate.swift */,
				A335EEA524DAD06900D9B948 /* main.swift */,
			);
			path = Shared;
			sourceTree = "<group>";
		};
		A335EEAA24DB2E4000D9B948 /* Config */ = {
			isa = PBXGroup;
			children = (
				A335EE9124DACEB500D9B948 /* Info.plist */,
			);
			path = Config;
			sourceTree = "<group>";
		};
		A335EEAC24DB2E6500D9B948 /* Resources */ = {
			isa = PBXGroup;
			children = (
				A335EE8C24DACEB500D9B948 /* Assets.xcassets */,
				A335EE8E24DACEB500D9B948 /* LaunchScreen.storyboard */,
			);
			path = Resources;
			sourceTree = "<group>";
		};
		A335EEAE24DBE4EE00D9B948 /* Modules */ = {
			isa = PBXGroup;
			children = (
				A335EEAF24DBE4F500D9B948 /* CitiesList */,
			);
			path = Modules;
			sourceTree = "<group>";
		};
		A335EEAF24DBE4F500D9B948 /* CitiesList */ = {
			isa = PBXGroup;
			children = (
				A335EEB324DBE52B00D9B948 /* Wireframe */,
				A335EEB224DBE51F00D9B948 /* View */,
				A335EEB124DBE51800D9B948 /* Presenter */,
				A335EEB024DBE51000D9B948 /* Interactor */,
			);
			path = CitiesList;
			sourceTree = "<group>";
		};
		A335EEB024DBE51000D9B948 /* Interactor */ = {
			isa = PBXGroup;
			children = (
				A335EEB824DBE83700D9B948 /* CitiesInteractor.swift */,
			);
			path = Interactor;
			sourceTree = "<group>";
		};
		A335EEB124DBE51800D9B948 /* Presenter */ = {
			isa = PBXGroup;
			children = (
				A335EEB624DBE74700D9B948 /* CitiesPresenter.swift */,
			);
			path = Presenter;
			sourceTree = "<group>";
		};
		A335EEB224DBE51F00D9B948 /* View */ = {
			isa = PBXGroup;
			children = (
				A335EEB424DBE56400D9B948 /* CitiesView.swift */,
				A349E08B24E487F000F69499 /* CityRenderable.swift */,
			);
			path = View;
			sourceTree = "<group>";
		};
		A335EEB324DBE52B00D9B948 /* Wireframe */ = {
			isa = PBXGroup;
			children = (
				A335EEBA24DC026F00D9B948 /* CitiesWireframe.swift */,
			);
			path = Wireframe;
			sourceTree = "<group>";
		};
		A335EEBC24DC032300D9B948 /* Wireframe */ = {
			isa = PBXGroup;
			children = (
				A335EEBD24DC033500D9B948 /* RootWireframe.swift */,
			);
			path = Wireframe;
			sourceTree = "<group>";
		};
		A335EEBF24DC0F3700D9B948 /* Model */ = {
			isa = PBXGroup;
			children = (
				A335EEC024DC0F4300D9B948 /* City.swift */,
			);
			path = Model;
			sourceTree = "<group>";
		};
		A335EEC224DC11F700D9B948 /* Extensions */ = {
			isa = PBXGroup;
			children = (
				A335EEC324DC121A00D9B948 /* URL+ExpressibleByStringLiteral.swift */,
				A349E08D24E48BD600F69499 /* String+ImageConversion.swift */,
				A387384124E6C03A002A1CF0 /* OrderedSet+Update.swift */,
				A333176F24E93CDD006D67A0 /* UIImage+Placeholder.swift */,
			);
			path = Extensions;
			sourceTree = "<group>";
		};
		A335EEC524DCBDA100D9B948 /* Modules */ = {
			isa = PBXGroup;
			children = (
				A335EEC624DCBDA700D9B948 /* CitiesList */,
			);
			path = Modules;
			sourceTree = "<group>";
		};
		A335EEC624DCBDA700D9B948 /* CitiesList */ = {
			isa = PBXGroup;
			children = (
				A335EECA24DCBEA900D9B948 /* Spy */,
				A37AA34F24E1575A0028D46A /* Interactor */,
				A335EEC724DCBDDC00D9B948 /* Presenter */,
			);
			path = CitiesList;
			sourceTree = "<group>";
		};
		A335EEC724DCBDDC00D9B948 /* Presenter */ = {
			isa = PBXGroup;
			children = (
				A335EEC824DCBE1F00D9B948 /* CitiesPresenterTests.swift */,
			);
			path = Presenter;
			sourceTree = "<group>";
		};
		A335EECA24DCBEA900D9B948 /* Spy */ = {
			isa = PBXGroup;
			children = (
				A335EECB24DCBEC300D9B948 /* CitiesViewSpy.swift */,
				A335EECF24DCC06300D9B948 /* CitiesInteractorSpy.swift */,
				A335EED124DCC13500D9B948 /* CitiesWireframeSpy.swift */,
				A37AA35224E158850028D46A /* CitiesPresenterSpy.swift */,
			);
			path = Spy;
			sourceTree = "<group>";
		};
		A349E08624E458FD00F69499 /* Collections */ = {
			isa = PBXGroup;
			children = (
				A349E08724E4590E00F69499 /* OrderedSet.swift */,
			);
			path = Collections;
			sourceTree = "<group>";
		};
		A37AA34F24E1575A0028D46A /* Interactor */ = {
			isa = PBXGroup;
			children = (
				A37AA35024E157740028D46A /* CitiesInteractorTests.swift */,
			);
			path = Interactor;
			sourceTree = "<group>";
		};
		A387383E24E6B64D002A1CF0 /* Frameworks */ = {
			isa = PBXGroup;
			children = (
			);
			name = Frameworks;
			sourceTree = "<group>";
		};
/* End PBXGroup section */

/* Begin PBXNativeTarget section */
		A335EE7F24DACEB200D9B948 /* CityRanks */ = {
			isa = PBXNativeTarget;
			buildConfigurationList = A335EE9F24DACEB500D9B948 /* Build configuration list for PBXNativeTarget "CityRanks" */;
			buildPhases = (
				A335EE7C24DACEB200D9B948 /* Sources */,
				A335EE7D24DACEB200D9B948 /* Frameworks */,
				A335EE7E24DACEB200D9B948 /* Resources */,
			);
			buildRules = (
			);
			dependencies = (
			);
			name = CityRanks;
			packageProductDependencies = (
				A387383F24E6B64D002A1CF0 /* CityRanksAPIClient */,
				A333177224E9404A006D67A0 /* ImageFetcher */,
				A333177724E94182006D67A0 /* Storage */,
			);
			productName = CityRanks;
			productReference = A335EE8024DACEB200D9B948 /* CityRanks.app */;
			productType = "com.apple.product-type.application";
		};
		A335EE9524DACEB500D9B948 /* CityRanksTests */ = {
			isa = PBXNativeTarget;
			buildConfigurationList = A335EEA224DACEB500D9B948 /* Build configuration list for PBXNativeTarget "CityRanksTests" */;
			buildPhases = (
				A335EE9224DACEB500D9B948 /* Sources */,
				A335EE9324DACEB500D9B948 /* Frameworks */,
				A335EE9424DACEB500D9B948 /* Resources */,
			);
			buildRules = (
			);
			dependencies = (
				A335EE9824DACEB500D9B948 /* PBXTargetDependency */,
			);
			name = CityRanksTests;
			productName = CityRanksTests;
			productReference = A335EE9624DACEB500D9B948 /* CityRanksTests.xctest */;
			productType = "com.apple.product-type.bundle.unit-test";
		};
/* End PBXNativeTarget section */

/* Begin PBXProject section */
		A335EE7824DACEB200D9B948 /* Project object */ = {
			isa = PBXProject;
			attributes = {
				LastSwiftUpdateCheck = 1150;
				LastUpgradeCheck = 1150;
				ORGANIZATIONNAME = lyzkov;
				TargetAttributes = {
					A335EE7F24DACEB200D9B948 = {
						CreatedOnToolsVersion = 11.5;
					};
					A335EE9524DACEB500D9B948 = {
						CreatedOnToolsVersion = 11.5;
						TestTargetID = A335EE7F24DACEB200D9B948;
					};
				};
			};
			buildConfigurationList = A335EE7B24DACEB200D9B948 /* Build configuration list for PBXProject "CityRanks" */;
			compatibilityVersion = "Xcode 9.3";
			developmentRegion = en;
			hasScannedForEncodings = 0;
			knownRegions = (
				en,
				Base,
			);
			mainGroup = A335EE7724DACEB200D9B948;
			productRefGroup = A335EE8124DACEB200D9B948 /* Products */;
			projectDirPath = "";
			projectRoot = "";
			targets = (
				A335EE7F24DACEB200D9B948 /* CityRanks */,
				A335EE9524DACEB500D9B948 /* CityRanksTests */,
			);
		};
/* End PBXProject section */

/* Begin PBXResourcesBuildPhase section */
		A335EE7E24DACEB200D9B948 /* Resources */ = {
			isa = PBXResourcesBuildPhase;
			buildActionMask = 2147483647;
			files = (
				A335EE9024DACEB500D9B948 /* LaunchScreen.storyboard in Resources */,
				A335EE8D24DACEB500D9B948 /* Assets.xcassets in Resources */,
			);
			runOnlyForDeploymentPostprocessing = 0;
		};
		A335EE9424DACEB500D9B948 /* Resources */ = {
			isa = PBXResourcesBuildPhase;
			buildActionMask = 2147483647;
			files = (
			);
			runOnlyForDeploymentPostprocessing = 0;
		};
/* End PBXResourcesBuildPhase section */

/* Begin PBXSourcesBuildPhase section */
		A335EE7C24DACEB200D9B948 /* Sources */ = {
			isa = PBXSourcesBuildPhase;
			buildActionMask = 2147483647;
			files = (
				A349E08E24E48BD600F69499 /* String+ImageConversion.swift in Sources */,
				A387384224E6C03A002A1CF0 /* OrderedSet+Update.swift in Sources */,
				A335EEB724DBE74700D9B948 /* CitiesPresenter.swift in Sources */,
				A335EE8424DACEB200D9B948 /* AppDelegate.swift in Sources */,
				A335EEC124DC0F4300D9B948 /* City.swift in Sources */,
				A335EEA824DAD0A000D9B948 /* FakeAppDelegate.swift in Sources */,
				A335EEBB24DC026F00D9B948 /* CitiesWireframe.swift in Sources */,
				A335EEBE24DC033500D9B948 /* RootWireframe.swift in Sources */,
				A333177524E940DB006D67A0 /* FakeImageFetcher.swift in Sources */,
				A37AA35524E15B860028D46A /* FakeCitiesRepository.swift in Sources */,
				A335EEA624DAD06900D9B948 /* main.swift in Sources */,
				A349E08C24E487F000F69499 /* CityRenderable.swift in Sources */,
				A335EEB524DBE56400D9B948 /* CitiesView.swift in Sources */,
				A335EEC424DC121A00D9B948 /* URL+ExpressibleByStringLiteral.swift in Sources */,
				A333177024E93CDD006D67A0 /* UIImage+Placeholder.swift in Sources */,
				A335EEB924DBE83700D9B948 /* CitiesInteractor.swift in Sources */,
				A349E08824E4590E00F69499 /* OrderedSet.swift in Sources */,
			);
			runOnlyForDeploymentPostprocessing = 0;
		};
		A335EE9224DACEB500D9B948 /* Sources */ = {
			isa = PBXSourcesBuildPhase;
			buildActionMask = 2147483647;
			files = (
				A335EED024DCC06400D9B948 /* CitiesInteractorSpy.swift in Sources */,
				A37AA35124E157740028D46A /* CitiesInteractorTests.swift in Sources */,
				A335EED224DCC13500D9B948 /* CitiesWireframeSpy.swift in Sources */,
				A37AA35324E158850028D46A /* CitiesPresenterSpy.swift in Sources */,
				A335EEC924DCBE1F00D9B948 /* CitiesPresenterTests.swift in Sources */,
				A335EECC24DCBEC300D9B948 /* CitiesViewSpy.swift in Sources */,
			);
			runOnlyForDeploymentPostprocessing = 0;
		};
/* End PBXSourcesBuildPhase section */

/* Begin PBXTargetDependency section */
		A335EE9824DACEB500D9B948 /* PBXTargetDependency */ = {
			isa = PBXTargetDependency;
			target = A335EE7F24DACEB200D9B948 /* CityRanks */;
			targetProxy = A335EE9724DACEB500D9B948 /* PBXContainerItemProxy */;
		};
/* End PBXTargetDependency section */

/* Begin PBXVariantGroup section */
		A335EE8E24DACEB500D9B948 /* LaunchScreen.storyboard */ = {
			isa = PBXVariantGroup;
			children = (
				A335EE8F24DACEB500D9B948 /* Base */,
			);
			name = LaunchScreen.storyboard;
			sourceTree = "<group>";
		};
/* End PBXVariantGroup section */

/* Begin XCBuildConfiguration section */
		A335EE9D24DACEB500D9B948 /* Debug */ = {
			isa = XCBuildConfiguration;
			buildSettings = {
				ALWAYS_SEARCH_USER_PATHS = NO;
				CLANG_ANALYZER_NONNULL = YES;
				CLANG_ANALYZER_NUMBER_OBJECT_CONVERSION = YES_AGGRESSIVE;
				CLANG_CXX_LANGUAGE_STANDARD = "gnu++14";
				CLANG_CXX_LIBRARY = "libc++";
				CLANG_ENABLE_MODULES = YES;
				CLANG_ENABLE_OBJC_ARC = YES;
				CLANG_ENABLE_OBJC_WEAK = YES;
				CLANG_WARN_BLOCK_CAPTURE_AUTORELEASING = YES;
				CLANG_WARN_BOOL_CONVERSION = YES;
				CLANG_WARN_COMMA = YES;
				CLANG_WARN_CONSTANT_CONVERSION = YES;
				CLANG_WARN_DEPRECATED_OBJC_IMPLEMENTATIONS = YES;
				CLANG_WARN_DIRECT_OBJC_ISA_USAGE = YES_ERROR;
				CLANG_WARN_DOCUMENTATION_COMMENTS = YES;
				CLANG_WARN_EMPTY_BODY = YES;
				CLANG_WARN_ENUM_CONVERSION = YES;
				CLANG_WARN_INFINITE_RECURSION = YES;
				CLANG_WARN_INT_CONVERSION = YES;
				CLANG_WARN_NON_LITERAL_NULL_CONVERSION = YES;
				CLANG_WARN_OBJC_IMPLICIT_RETAIN_SELF = YES;
				CLANG_WARN_OBJC_LITERAL_CONVERSION = YES;
				CLANG_WARN_OBJC_ROOT_CLASS = YES_ERROR;
				CLANG_WARN_RANGE_LOOP_ANALYSIS = YES;
				CLANG_WARN_STRICT_PROTOTYPES = YES;
				CLANG_WARN_SUSPICIOUS_MOVE = YES;
				CLANG_WARN_UNGUARDED_AVAILABILITY = YES_AGGRESSIVE;
				CLANG_WARN_UNREACHABLE_CODE = YES;
				CLANG_WARN__DUPLICATE_METHOD_MATCH = YES;
				COPY_PHASE_STRIP = NO;
				DEBUG_INFORMATION_FORMAT = dwarf;
				ENABLE_STRICT_OBJC_MSGSEND = YES;
				ENABLE_TESTABILITY = YES;
				GCC_C_LANGUAGE_STANDARD = gnu11;
				GCC_DYNAMIC_NO_PIC = NO;
				GCC_NO_COMMON_BLOCKS = YES;
				GCC_OPTIMIZATION_LEVEL = 0;
				GCC_PREPROCESSOR_DEFINITIONS = (
					"DEBUG=1",
					"$(inherited)",
				);
				GCC_WARN_64_TO_32_BIT_CONVERSION = YES;
				GCC_WARN_ABOUT_RETURN_TYPE = YES_ERROR;
				GCC_WARN_UNDECLARED_SELECTOR = YES;
				GCC_WARN_UNINITIALIZED_AUTOS = YES_AGGRESSIVE;
				GCC_WARN_UNUSED_FUNCTION = YES;
				GCC_WARN_UNUSED_VARIABLE = YES;
				IPHONEOS_DEPLOYMENT_TARGET = 12.4;
				MTL_ENABLE_DEBUG_INFO = INCLUDE_SOURCE;
				MTL_FAST_MATH = YES;
				ONLY_ACTIVE_ARCH = YES;
				SDKROOT = iphoneos;
				SWIFT_ACTIVE_COMPILATION_CONDITIONS = DEBUG;
				SWIFT_OPTIMIZATION_LEVEL = "-Onone";
			};
			name = Debug;
		};
		A335EE9E24DACEB500D9B948 /* Release */ = {
			isa = XCBuildConfiguration;
			buildSettings = {
				ALWAYS_SEARCH_USER_PATHS = NO;
				CLANG_ANALYZER_NONNULL = YES;
				CLANG_ANALYZER_NUMBER_OBJECT_CONVERSION = YES_AGGRESSIVE;
				CLANG_CXX_LANGUAGE_STANDARD = "gnu++14";
				CLANG_CXX_LIBRARY = "libc++";
				CLANG_ENABLE_MODULES = YES;
				CLANG_ENABLE_OBJC_ARC = YES;
				CLANG_ENABLE_OBJC_WEAK = YES;
				CLANG_WARN_BLOCK_CAPTURE_AUTORELEASING = YES;
				CLANG_WARN_BOOL_CONVERSION = YES;
				CLANG_WARN_COMMA = YES;
				CLANG_WARN_CONSTANT_CONVERSION = YES;
				CLANG_WARN_DEPRECATED_OBJC_IMPLEMENTATIONS = YES;
				CLANG_WARN_DIRECT_OBJC_ISA_USAGE = YES_ERROR;
				CLANG_WARN_DOCUMENTATION_COMMENTS = YES;
				CLANG_WARN_EMPTY_BODY = YES;
				CLANG_WARN_ENUM_CONVERSION = YES;
				CLANG_WARN_INFINITE_RECURSION = YES;
				CLANG_WARN_INT_CONVERSION = YES;
				CLANG_WARN_NON_LITERAL_NULL_CONVERSION = YES;
				CLANG_WARN_OBJC_IMPLICIT_RETAIN_SELF = YES;
				CLANG_WARN_OBJC_LITERAL_CONVERSION = YES;
				CLANG_WARN_OBJC_ROOT_CLASS = YES_ERROR;
				CLANG_WARN_RANGE_LOOP_ANALYSIS = YES;
				CLANG_WARN_STRICT_PROTOTYPES = YES;
				CLANG_WARN_SUSPICIOUS_MOVE = YES;
				CLANG_WARN_UNGUARDED_AVAILABILITY = YES_AGGRESSIVE;
				CLANG_WARN_UNREACHABLE_CODE = YES;
				CLANG_WARN__DUPLICATE_METHOD_MATCH = YES;
				COPY_PHASE_STRIP = NO;
				DEBUG_INFORMATION_FORMAT = "dwarf-with-dsym";
				ENABLE_NS_ASSERTIONS = NO;
				ENABLE_STRICT_OBJC_MSGSEND = YES;
				GCC_C_LANGUAGE_STANDARD = gnu11;
				GCC_NO_COMMON_BLOCKS = YES;
				GCC_WARN_64_TO_32_BIT_CONVERSION = YES;
				GCC_WARN_ABOUT_RETURN_TYPE = YES_ERROR;
				GCC_WARN_UNDECLARED_SELECTOR = YES;
				GCC_WARN_UNINITIALIZED_AUTOS = YES_AGGRESSIVE;
				GCC_WARN_UNUSED_FUNCTION = YES;
				GCC_WARN_UNUSED_VARIABLE = YES;
				IPHONEOS_DEPLOYMENT_TARGET = 12.4;
				MTL_ENABLE_DEBUG_INFO = NO;
				MTL_FAST_MATH = YES;
				SDKROOT = iphoneos;
				SWIFT_COMPILATION_MODE = wholemodule;
				SWIFT_OPTIMIZATION_LEVEL = "-O";
				VALIDATE_PRODUCT = YES;
			};
			name = Release;
		};
		A335EEA024DACEB500D9B948 /* Debug */ = {
			isa = XCBuildConfiguration;
			buildSettings = {
				ASSETCATALOG_COMPILER_APPICON_NAME = AppIcon;
				CODE_SIGN_STYLE = Automatic;
				INFOPLIST_FILE = CityRanks/Config/Info.plist;
				LD_RUNPATH_SEARCH_PATHS = (
					"$(inherited)",
					"@executable_path/Frameworks",
				);
				MARKETING_VERSION = 0.1.0;
				PRODUCT_BUNDLE_IDENTIFIER = com.lyzkov.CityRanks;
				PRODUCT_NAME = "$(TARGET_NAME)";
				SWIFT_VERSION = 5.0;
				TARGETED_DEVICE_FAMILY = 1;
			};
			name = Debug;
		};
		A335EEA124DACEB500D9B948 /* Release */ = {
			isa = XCBuildConfiguration;
			buildSettings = {
				ASSETCATALOG_COMPILER_APPICON_NAME = AppIcon;
				CODE_SIGN_STYLE = Automatic;
				INFOPLIST_FILE = CityRanks/Config/Info.plist;
				LD_RUNPATH_SEARCH_PATHS = (
					"$(inherited)",
					"@executable_path/Frameworks",
				);
				MARKETING_VERSION = 0.1.0;
				PRODUCT_BUNDLE_IDENTIFIER = com.lyzkov.CityRanks;
				PRODUCT_NAME = "$(TARGET_NAME)";
				SWIFT_VERSION = 5.0;
				TARGETED_DEVICE_FAMILY = 1;
			};
			name = Release;
		};
		A335EEA324DACEB500D9B948 /* Debug */ = {
			isa = XCBuildConfiguration;
			buildSettings = {
				ALWAYS_EMBED_SWIFT_STANDARD_LIBRARIES = YES;
				BUNDLE_LOADER = "$(TEST_HOST)";
				CODE_SIGN_STYLE = Automatic;
				INFOPLIST_FILE = CityRanksTests/Info.plist;
				IPHONEOS_DEPLOYMENT_TARGET = 13.5;
				LD_RUNPATH_SEARCH_PATHS = (
					"$(inherited)",
					"@executable_path/Frameworks",
					"@loader_path/Frameworks",
				);
				PRODUCT_BUNDLE_IDENTIFIER = com.lyzkov.CityRanksTests;
				PRODUCT_NAME = "$(TARGET_NAME)";
				SWIFT_VERSION = 5.0;
				TARGETED_DEVICE_FAMILY = "1,2";
				TEST_HOST = "$(BUILT_PRODUCTS_DIR)/CityRanks.app/CityRanks";
			};
			name = Debug;
		};
		A335EEA424DACEB500D9B948 /* Release */ = {
			isa = XCBuildConfiguration;
			buildSettings = {
				ALWAYS_EMBED_SWIFT_STANDARD_LIBRARIES = YES;
				BUNDLE_LOADER = "$(TEST_HOST)";
				CODE_SIGN_STYLE = Automatic;
				INFOPLIST_FILE = CityRanksTests/Info.plist;
				IPHONEOS_DEPLOYMENT_TARGET = 13.5;
				LD_RUNPATH_SEARCH_PATHS = (
					"$(inherited)",
					"@executable_path/Frameworks",
					"@loader_path/Frameworks",
				);
				PRODUCT_BUNDLE_IDENTIFIER = com.lyzkov.CityRanksTests;
				PRODUCT_NAME = "$(TARGET_NAME)";
				SWIFT_VERSION = 5.0;
				TARGETED_DEVICE_FAMILY = "1,2";
				TEST_HOST = "$(BUILT_PRODUCTS_DIR)/CityRanks.app/CityRanks";
			};
			name = Release;
		};
/* End XCBuildConfiguration section */

/* Begin XCConfigurationList section */
		A335EE7B24DACEB200D9B948 /* Build configuration list for PBXProject "CityRanks" */ = {
			isa = XCConfigurationList;
			buildConfigurations = (
				A335EE9D24DACEB500D9B948 /* Debug */,
				A335EE9E24DACEB500D9B948 /* Release */,
			);
			defaultConfigurationIsVisible = 0;
			defaultConfigurationName = Release;
		};
		A335EE9F24DACEB500D9B948 /* Build configuration list for PBXNativeTarget "CityRanks" */ = {
			isa = XCConfigurationList;
			buildConfigurations = (
				A335EEA024DACEB500D9B948 /* Debug */,
				A335EEA124DACEB500D9B948 /* Release */,
			);
			defaultConfigurationIsVisible = 0;
			defaultConfigurationName = Release;
		};
		A335EEA224DACEB500D9B948 /* Build configuration list for PBXNativeTarget "CityRanksTests" */ = {
			isa = XCConfigurationList;
			buildConfigurations = (
				A335EEA324DACEB500D9B948 /* Debug */,
				A335EEA424DACEB500D9B948 /* Release */,
			);
			defaultConfigurationIsVisible = 0;
			defaultConfigurationName = Release;
		};
/* End XCConfigurationList section */

/* Begin XCSwiftPackageProductDependency section */
		A333177224E9404A006D67A0 /* ImageFetcher */ = {
			isa = XCSwiftPackageProductDependency;
			productName = ImageFetcher;
		};
		A333177724E94182006D67A0 /* Storage */ = {
			isa = XCSwiftPackageProductDependency;
			productName = Storage;
		};
		A387383F24E6B64D002A1CF0 /* CityRanksAPIClient */ = {
			isa = XCSwiftPackageProductDependency;
			productName = CityRanksAPIClient;
		};
/* End XCSwiftPackageProductDependency section */
	};
	rootObject = A335EE7824DACEB200D9B948 /* Project object */;
}
